
Microsoft Visual Studio Solution File, Format Version 12.00
# Visual Studio Version 17
VisualStudioVersion = 17.5.33627.172
MinimumVisualStudioVersion = 10.0.40219.1
Project("{9A19103F-16F7-4668-BE54-9A1E7A4F7556}") = "KafkaCloudEventsProducer", "KafkaCloudEventsProducer\KafkaCloudEventsProducer.csproj", "{3DBD85F9-DE23-4943-9F9C-5002179E43BD}"
EndProject
Project("{9A19103F-16F7-4668-BE54-9A1E7A4F7556}") = "KafkaCloudEventsConsumer", "KafkaCloudEventsConsumer\KafkaCloudEventsConsumer.csproj", "{1DB86CB3-6295-4766-928D-0F67FEE01E8D}"
EndProject
Project("{9A19103F-16F7-4668-BE54-9A1E7A4F7556}") = "KafkaDtos", "KafkaDtos\KafkaDtos.csproj", "{39A82434-F5F0-43AE-8CC9-556045FABED5}"
EndProject
Project("{9A19103F-16F7-4668-BE54-9A1E7A4F7556}") = "KafkaJsonEventsConsumer", "KafkaJsonEventsConsumer\KafkaJsonEventsConsumer.csproj", "{F3D32C51-F05A-4D06-A12A-1A186EB81E48}"
EndProject
Project("{9A19103F-16F7-4668-BE54-9A1E7A4F7556}") = "KafkaJsonEventsProducer", "KafkaJsonEventsProducer\KafkaJsonEventsProducer.csproj", "{3337C5BE-1056-4535-9AE0-63613DC90E94}"
EndProject
Global
	GlobalSection(SolutionConfigurationPlatforms) = preSolution
		Debug|Any CPU = Debug|Any CPU
		Release|Any CPU = Release|Any CPU
	EndGlobalSection
	GlobalSection(ProjectConfigurationPlatforms) = postSolution
		{3DBD85F9-DE23-4943-9F9C-5002179E43BD}.Debug|Any CPU.ActiveCfg = Debug|Any CPU
		{3DBD85F9-DE23-4943-9F9C-5002179E43BD}.Debug|Any CPU.Build.0 = Debug|Any CPU
		{3DBD85F9-DE23-4943-9F9C-5002179E43BD}.Release|Any CPU.ActiveCfg = Release|Any CPU
		{3DBD85F9-DE23-4943-9F9C-5002179E43BD}.Release|Any CPU.Build.0 = Release|Any CPU
		{1DB86CB3-6295-4766-928D-0F67FEE01E8D}.Debug|Any CPU.ActiveCfg = Debug|Any CPU
		{1DB86CB3-6295-4766-928D-0F67FEE01E8D}.Debug|Any CPU.Build.0 = Debug|Any CPU
		{1DB86CB3-6295-4766-928D-0F67FEE01E8D}.Release|Any CPU.ActiveCfg = Release|Any CPU
		{1DB86CB3-6295-4766-928D-0F67FEE01E8D}.Release|Any CPU.Build.0 = Release|Any CPU
		{39A82434-F5F0-43AE-8CC9-556045FABED5}.Debug|Any CPU.ActiveCfg = Debug|Any CPU
		{39A82434-F5F0-43AE-8CC9-556045FABED5}.Debug|Any CPU.Build.0 = Debug|Any CPU
		{39A82434-F5F0-43AE-8CC9-556045FABED5}.Release|Any CPU.ActiveCfg = Release|Any CPU
		{39A82434-F5F0-43AE-8CC9-556045FABED5}.Release|Any CPU.Build.0 = Release|Any CPU
		{F3D32C51-F05A-4D06-A12A-1A186EB81E48}.Debug|Any CPU.ActiveCfg = Debug|Any CPU
		{F3D32C51-F05A-4D06-A12A-1A186EB81E48}.Debug|Any CPU.Build.0 = Debug|Any CPU
		{F3D32C51-F05A-4D06-A12A-1A186EB81E48}.Release|Any CPU.ActiveCfg = Release|Any CPU
		{F3D32C51-F05A-4D06-A12A-1A186EB81E48}.Release|Any CPU.Build.0 = Release|Any CPU
		{3337C5BE-1056-4535-9AE0-63613DC90E94}.Debug|Any CPU.ActiveCfg = Debug|Any CPU
		{3337C5BE-1056-4535-9AE0-63613DC90E94}.Debug|Any CPU.Build.0 = Debug|Any CPU
		{3337C5BE-1056-4535-9AE0-63613DC90E94}.Release|Any CPU.ActiveCfg = Release|Any CPU
		{3337C5BE-1056-4535-9AE0-63613DC90E94}.Release|Any CPU.Build.0 = Release|Any CPU
	EndGlobalSection
	GlobalSection(SolutionProperties) = preSolution
		HideSolutionNode = FALSE
	EndGlobalSection
	GlobalSection(ExtensibilityGlobals) = postSolution
		SolutionGuid = {384EA1B5-E646-45D5-BA54-26CD98576C23}
	EndGlobalSection
EndGlobal
